// !$*UTF8*$!
{
	archiveVersion = 1;
	classes = {
	};
	objectVersion = 48;
	objects = {

/* Begin PBXBuildFile section */
		7A0DAE61321F8B761932F8F9 /* Pods_VPLATE.framework in Frameworks */ = {isa = PBXBuildFile; fileRef = 1BF5AD641EF7C8B61EC44E49 /* Pods_VPLATE.framework */; };
		C02F0E1D09374B77C8DF5808 /* Pods_VPLATEUITests.framework in Frameworks */ = {isa = PBXBuildFile; fileRef = 60DDD327578F1AD0BAF11091 /* Pods_VPLATEUITests.framework */; };
		E7956C4CC0FF13298A913F10 /* Pods_VPLATETests.framework in Frameworks */ = {isa = PBXBuildFile; fileRef = 41A739AA386C0B69C09E9673 /* Pods_VPLATETests.framework */; };
		FC2CBD681FFCCEC000A34961 /* HomeViewController.swift in Sources */ = {isa = PBXBuildFile; fileRef = FC2CBD671FFCCEC000A34961 /* HomeViewController.swift */; };
		FC2CBD6A1FFCCF5C00A34961 /* MyVideoViewController.swift in Sources */ = {isa = PBXBuildFile; fileRef = FC2CBD691FFCCF5C00A34961 /* MyVideoViewController.swift */; };
		FC2CBD6C1FFCCF8100A34961 /* SelectedVideoViewController.swift in Sources */ = {isa = PBXBuildFile; fileRef = FC2CBD6B1FFCCF8100A34961 /* SelectedVideoViewController.swift */; };
		FC2CBD6E1FFCCF8B00A34961 /* CommunityViewController.swift in Sources */ = {isa = PBXBuildFile; fileRef = FC2CBD6D1FFCCF8B00A34961 /* CommunityViewController.swift */; };
		FC2CBD701FFCCF9200A34961 /* SettingViewController.swift in Sources */ = {isa = PBXBuildFile; fileRef = FC2CBD6F1FFCCF9200A34961 /* SettingViewController.swift */; };
		FC2CBD781FFCE18A00A34961 /* InProgressViewController.swift in Sources */ = {isa = PBXBuildFile; fileRef = FC2CBD761FFCE18A00A34961 /* InProgressViewController.swift */; };
		FC2CBD791FFCE18A00A34961 /* InProgressViewController.xib in Resources */ = {isa = PBXBuildFile; fileRef = FC2CBD771FFCE18A00A34961 /* InProgressViewController.xib */; };
		FC2CBD7C1FFCE1A800A34961 /* CompletionViewController.swift in Sources */ = {isa = PBXBuildFile; fileRef = FC2CBD7A1FFCE1A800A34961 /* CompletionViewController.swift */; };
		FC2CBD7D1FFCE1A800A34961 /* CompletionViewController.xib in Resources */ = {isa = PBXBuildFile; fileRef = FC2CBD7B1FFCE1A800A34961 /* CompletionViewController.xib */; };
		FC2CBD801FFCE1C000A34961 /* Reusable.swift in Sources */ = {isa = PBXBuildFile; fileRef = FC2CBD7F1FFCE1C000A34961 /* Reusable.swift */; };
		FC2CBD821FFCE91F00A34961 /* TitleEnum.swift in Sources */ = {isa = PBXBuildFile; fileRef = FC2CBD811FFCE91F00A34961 /* TitleEnum.swift */; };
		FC2CBD841FFCEC7700A34961 /* UIColorToUIImage.swift in Sources */ = {isa = PBXBuildFile; fileRef = FC2CBD831FFCEC7700A34961 /* UIColorToUIImage.swift */; };
		FC2CBD881FFCF12700A34961 /* ViewController.swift in Sources */ = {isa = PBXBuildFile; fileRef = FC2CBD871FFCF12700A34961 /* ViewController.swift */; };
		FC2CBD8D1FFCF33C00A34961 /* VideoTableViewCell.swift in Sources */ = {isa = PBXBuildFile; fileRef = FC2CBD8B1FFCF33C00A34961 /* VideoTableViewCell.swift */; };
		FC2CBD8E1FFCF33C00A34961 /* VideoTableViewCell.xib in Resources */ = {isa = PBXBuildFile; fileRef = FC2CBD8C1FFCF33C00A34961 /* VideoTableViewCell.xib */; };
		FC2CBD901FFCFCE000A34961 /* CollectionViewDetectCurrentCell.swift in Sources */ = {isa = PBXBuildFile; fileRef = FC2CBD8F1FFCFCE000A34961 /* CollectionViewDetectCurrentCell.swift */; };
		FC2CBD921FFD1EAF00A34961 /* ViewControllerProtocol.swift in Sources */ = {isa = PBXBuildFile; fileRef = FC2CBD911FFD1EAF00A34961 /* ViewControllerProtocol.swift */; };
		FC34A2081FFFE18700F3C567 /* SceneCollectionViewCell.swift in Sources */ = {isa = PBXBuildFile; fileRef = FC34A2061FFFE18700F3C567 /* SceneCollectionViewCell.swift */; };
		FC34A2091FFFE18700F3C567 /* SceneCollectionViewCell.xib in Resources */ = {isa = PBXBuildFile; fileRef = FC34A2071FFFE18700F3C567 /* SceneCollectionViewCell.xib */; };
		FC34A20F200056DD00F3C567 /* CreatorViewController.swift in Sources */ = {isa = PBXBuildFile; fileRef = FC34A20E200056DD00F3C567 /* CreatorViewController.swift */; };
		FC34A21D2001C1A000F3C567 /* CoverA.xib in Resources */ = {isa = PBXBuildFile; fileRef = FC34A21B2001C1A000F3C567 /* CoverA.xib */; };
		FC34A21E2001C1A000F3C567 /* CoverA.swift in Sources */ = {isa = PBXBuildFile; fileRef = FC34A21C2001C1A000F3C567 /* CoverA.swift */; };
		FC5A55742002057F00FFB5A3 /* Assets.xcassets in Resources */ = {isa = PBXBuildFile; fileRef = FC5A55732002057E00FFB5A3 /* Assets.xcassets */; };
		FC84A2B52002D97D002CB10E /* PageViewController.swift in Sources */ = {isa = PBXBuildFile; fileRef = FC84A2B42002D97D002CB10E /* PageViewController.swift */; };
		FC946DFD1FF8F66F00D6616B /* AppDelegate.swift in Sources */ = {isa = PBXBuildFile; fileRef = FC946DFC1FF8F66F00D6616B /* AppDelegate.swift */; };
		FC946E021FF8F66F00D6616B /* Main.storyboard in Resources */ = {isa = PBXBuildFile; fileRef = FC946E001FF8F66F00D6616B /* Main.storyboard */; };
		FC946E071FF8F66F00D6616B /* LaunchScreen.storyboard in Resources */ = {isa = PBXBuildFile; fileRef = FC946E051FF8F66F00D6616B /* LaunchScreen.storyboard */; };
		FC946E121FF8F66F00D6616B /* VPLATETests.swift in Sources */ = {isa = PBXBuildFile; fileRef = FC946E111FF8F66F00D6616B /* VPLATETests.swift */; };
		FC946E1D1FF8F66F00D6616B /* VPLATEUITests.swift in Sources */ = {isa = PBXBuildFile; fileRef = FC946E1C1FF8F66F00D6616B /* VPLATEUITests.swift */; };
		FCC2278F20037D900050804D /* UIImage+FixOrientation.swift in Sources */ = {isa = PBXBuildFile; fileRef = FCC2278D20037D900050804D /* UIImage+FixOrientation.swift */; };
		FCC2279020037D900050804D /* UIImageCropper.swift in Sources */ = {isa = PBXBuildFile; fileRef = FCC2278E20037D900050804D /* UIImageCropper.swift */; };
		FCC227922003884C0050804D /* LogInViewController.swift in Sources */ = {isa = PBXBuildFile; fileRef = FCC227912003884C0050804D /* LogInViewController.swift */; };
		FCC2279A200464770050804D /* APIService.swift in Sources */ = {isa = PBXBuildFile; fileRef = FCC22799200464770050804D /* APIService.swift */; };
		FCC2279C20046B420050804D /* SignServiece.swift in Sources */ = {isa = PBXBuildFile; fileRef = FCC2279B20046B420050804D /* SignServiece.swift */; };
		FCC227A0200492600050804D /* TemplateListServiece.swift in Sources */ = {isa = PBXBuildFile; fileRef = FCC2279F200492600050804D /* TemplateListServiece.swift */; };
		FCC227A22005079D0050804D /* ConvertUTCtoLocal.swift in Sources */ = {isa = PBXBuildFile; fileRef = FCC227A12005079D0050804D /* ConvertUTCtoLocal.swift */; };
		FCC227A42005100A0050804D /* IntToMMSS.swift in Sources */ = {isa = PBXBuildFile; fileRef = FCC227A32005100A0050804D /* IntToMMSS.swift */; };
		FCC227A82005ADB80050804D /* DummyData.swift in Sources */ = {isa = PBXBuildFile; fileRef = FCC227A72005ADB80050804D /* DummyData.swift */; };
		FCC528DA2005C5F4006DEF40 /* DetailViewController.swift in Sources */ = {isa = PBXBuildFile; fileRef = FCC528D92005C5F4006DEF40 /* DetailViewController.swift */; };
		FCC528DC20062AF7006DEF40 /* CommunityVideo.swift in Sources */ = {isa = PBXBuildFile; fileRef = FCC528DB20062AF7006DEF40 /* CommunityVideo.swift */; };
		FCC528DE20062B8C006DEF40 /* CommunityListServiece.swift in Sources */ = {isa = PBXBuildFile; fileRef = FCC528DD20062B8C006DEF40 /* CommunityListServiece.swift */; };
		FCC528E020063ECD006DEF40 /* RoundedImageView.swift in Sources */ = {isa = PBXBuildFile; fileRef = FCC528DF20063ECD006DEF40 /* RoundedImageView.swift */; };
		FCFAC8081FFD402500493A51 /* PlayerView.swift in Sources */ = {isa = PBXBuildFile; fileRef = FCFAC8071FFD402500493A51 /* PlayerView.swift */; };
		FCFAC80B1FFDFCC600493A51 /* CommunityVideoCollectionViewCell.swift in Sources */ = {isa = PBXBuildFile; fileRef = FCFAC8091FFDFCC600493A51 /* CommunityVideoCollectionViewCell.swift */; };
		FCFAC80C1FFDFCC600493A51 /* CommunityVideoCollectionViewCell.xib in Resources */ = {isa = PBXBuildFile; fileRef = FCFAC80A1FFDFCC600493A51 /* CommunityVideoCollectionViewCell.xib */; };
		FCFAC80E1FFE1E0200493A51 /* TabbarViewController.swift in Sources */ = {isa = PBXBuildFile; fileRef = FCFAC80D1FFE1E0200493A51 /* TabbarViewController.swift */; };
		FCFAC8101FFE258700493A51 /* TabBarController.swift in Sources */ = {isa = PBXBuildFile; fileRef = FCFAC80F1FFE258700493A51 /* TabBarController.swift */; };
		FCFAC8181FFF6F6600493A51 /* Template.swift in Sources */ = {isa = PBXBuildFile; fileRef = FCFAC8171FFF6F6600493A51 /* Template.swift */; };
		FCFAC81E1FFF9DE000493A51 /* PagedCollectionLayout.swift in Sources */ = {isa = PBXBuildFile; fileRef = FCFAC81D1FFF9DE000493A51 /* PagedCollectionLayout.swift */; };
		FCFAC8211FFFCFB900493A51 /* CategoryCollectionViewCell.swift in Sources */ = {isa = PBXBuildFile; fileRef = FCFAC81F1FFFCFB900493A51 /* CategoryCollectionViewCell.swift */; };
		FCFAC8221FFFCFB900493A51 /* CategoryCollectionViewCell.xib in Resources */ = {isa = PBXBuildFile; fileRef = FCFAC8201FFFCFB900493A51 /* CategoryCollectionViewCell.xib */; };
		FCFAC8241FFFD4D300493A51 /* RandomColor.swift in Sources */ = {isa = PBXBuildFile; fileRef = FCFAC8231FFFD4D300493A51 /* RandomColor.swift */; };
/* End PBXBuildFile section */

/* Begin PBXContainerItemProxy section */
		FC946E0E1FF8F66F00D6616B /* PBXContainerItemProxy */ = {
			isa = PBXContainerItemProxy;
			containerPortal = FC946DF11FF8F66F00D6616B /* Project object */;
			proxyType = 1;
			remoteGlobalIDString = FC946DF81FF8F66F00D6616B;
			remoteInfo = VPLATE;
		};
		FC946E191FF8F66F00D6616B /* PBXContainerItemProxy */ = {
			isa = PBXContainerItemProxy;
			containerPortal = FC946DF11FF8F66F00D6616B /* Project object */;
			proxyType = 1;
			remoteGlobalIDString = FC946DF81FF8F66F00D6616B;
			remoteInfo = VPLATE;
		};
/* End PBXContainerItemProxy section */

/* Begin PBXFileReference section */
		1BD8E7F4243E00CE94EB03A1 /* Pods-VPLATETests.release.xcconfig */ = {isa = PBXFileReference; includeInIndex = 1; lastKnownFileType = text.xcconfig; name = "Pods-VPLATETests.release.xcconfig"; path = "Pods/Target Support Files/Pods-VPLATETests/Pods-VPLATETests.release.xcconfig"; sourceTree = "<group>"; };
		1BF5AD641EF7C8B61EC44E49 /* Pods_VPLATE.framework */ = {isa = PBXFileReference; explicitFileType = wrapper.framework; includeInIndex = 0; path = Pods_VPLATE.framework; sourceTree = BUILT_PRODUCTS_DIR; };
		41A739AA386C0B69C09E9673 /* Pods_VPLATETests.framework */ = {isa = PBXFileReference; explicitFileType = wrapper.framework; includeInIndex = 0; path = Pods_VPLATETests.framework; sourceTree = BUILT_PRODUCTS_DIR; };
		4F79CEC69170234E1698C95F /* Pods-VPLATEUITests.release.xcconfig */ = {isa = PBXFileReference; includeInIndex = 1; lastKnownFileType = text.xcconfig; name = "Pods-VPLATEUITests.release.xcconfig"; path = "Pods/Target Support Files/Pods-VPLATEUITests/Pods-VPLATEUITests.release.xcconfig"; sourceTree = "<group>"; };
		60DDD327578F1AD0BAF11091 /* Pods_VPLATEUITests.framework */ = {isa = PBXFileReference; explicitFileType = wrapper.framework; includeInIndex = 0; path = Pods_VPLATEUITests.framework; sourceTree = BUILT_PRODUCTS_DIR; };
		68E88274EDB476C7A3993E83 /* Pods-VPLATEUITests.debug.xcconfig */ = {isa = PBXFileReference; includeInIndex = 1; lastKnownFileType = text.xcconfig; name = "Pods-VPLATEUITests.debug.xcconfig"; path = "Pods/Target Support Files/Pods-VPLATEUITests/Pods-VPLATEUITests.debug.xcconfig"; sourceTree = "<group>"; };
		7BDA60E779A65500EA851A5E /* Pods-VPLATETests.debug.xcconfig */ = {isa = PBXFileReference; includeInIndex = 1; lastKnownFileType = text.xcconfig; name = "Pods-VPLATETests.debug.xcconfig"; path = "Pods/Target Support Files/Pods-VPLATETests/Pods-VPLATETests.debug.xcconfig"; sourceTree = "<group>"; };
		87AD9349226C10FB6B787E93 /* Pods-VPLATE.release.xcconfig */ = {isa = PBXFileReference; includeInIndex = 1; lastKnownFileType = text.xcconfig; name = "Pods-VPLATE.release.xcconfig"; path = "Pods/Target Support Files/Pods-VPLATE/Pods-VPLATE.release.xcconfig"; sourceTree = "<group>"; };
		983E81E8A0FC6D9B7E7EEBED /* Pods-VPLATE.debug.xcconfig */ = {isa = PBXFileReference; includeInIndex = 1; lastKnownFileType = text.xcconfig; name = "Pods-VPLATE.debug.xcconfig"; path = "Pods/Target Support Files/Pods-VPLATE/Pods-VPLATE.debug.xcconfig"; sourceTree = "<group>"; };
		FC2CBD671FFCCEC000A34961 /* HomeViewController.swift */ = {isa = PBXFileReference; lastKnownFileType = sourcecode.swift; path = HomeViewController.swift; sourceTree = "<group>"; };
		FC2CBD691FFCCF5C00A34961 /* MyVideoViewController.swift */ = {isa = PBXFileReference; lastKnownFileType = sourcecode.swift; path = MyVideoViewController.swift; sourceTree = "<group>"; };
		FC2CBD6B1FFCCF8100A34961 /* SelectedVideoViewController.swift */ = {isa = PBXFileReference; lastKnownFileType = sourcecode.swift; path = SelectedVideoViewController.swift; sourceTree = "<group>"; };
		FC2CBD6D1FFCCF8B00A34961 /* CommunityViewController.swift */ = {isa = PBXFileReference; lastKnownFileType = sourcecode.swift; path = CommunityViewController.swift; sourceTree = "<group>"; };
		FC2CBD6F1FFCCF9200A34961 /* SettingViewController.swift */ = {isa = PBXFileReference; lastKnownFileType = sourcecode.swift; path = SettingViewController.swift; sourceTree = "<group>"; };
		FC2CBD761FFCE18A00A34961 /* InProgressViewController.swift */ = {isa = PBXFileReference; lastKnownFileType = sourcecode.swift; path = InProgressViewController.swift; sourceTree = "<group>"; };
		FC2CBD771FFCE18A00A34961 /* InProgressViewController.xib */ = {isa = PBXFileReference; lastKnownFileType = file.xib; path = InProgressViewController.xib; sourceTree = "<group>"; };
		FC2CBD7A1FFCE1A800A34961 /* CompletionViewController.swift */ = {isa = PBXFileReference; lastKnownFileType = sourcecode.swift; path = CompletionViewController.swift; sourceTree = "<group>"; };
		FC2CBD7B1FFCE1A800A34961 /* CompletionViewController.xib */ = {isa = PBXFileReference; lastKnownFileType = file.xib; path = CompletionViewController.xib; sourceTree = "<group>"; };
		FC2CBD7F1FFCE1C000A34961 /* Reusable.swift */ = {isa = PBXFileReference; lastKnownFileType = sourcecode.swift; path = Reusable.swift; sourceTree = "<group>"; };
		FC2CBD811FFCE91F00A34961 /* TitleEnum.swift */ = {isa = PBXFileReference; lastKnownFileType = sourcecode.swift; path = TitleEnum.swift; sourceTree = "<group>"; };
		FC2CBD831FFCEC7700A34961 /* UIColorToUIImage.swift */ = {isa = PBXFileReference; lastKnownFileType = sourcecode.swift; path = UIColorToUIImage.swift; sourceTree = "<group>"; };
		FC2CBD871FFCF12700A34961 /* ViewController.swift */ = {isa = PBXFileReference; lastKnownFileType = sourcecode.swift; path = ViewController.swift; sourceTree = "<group>"; };
		FC2CBD8B1FFCF33C00A34961 /* VideoTableViewCell.swift */ = {isa = PBXFileReference; lastKnownFileType = sourcecode.swift; path = VideoTableViewCell.swift; sourceTree = "<group>"; };
		FC2CBD8C1FFCF33C00A34961 /* VideoTableViewCell.xib */ = {isa = PBXFileReference; lastKnownFileType = file.xib; path = VideoTableViewCell.xib; sourceTree = "<group>"; };
		FC2CBD8F1FFCFCE000A34961 /* CollectionViewDetectCurrentCell.swift */ = {isa = PBXFileReference; lastKnownFileType = sourcecode.swift; path = CollectionViewDetectCurrentCell.swift; sourceTree = "<group>"; };
		FC2CBD911FFD1EAF00A34961 /* ViewControllerProtocol.swift */ = {isa = PBXFileReference; lastKnownFileType = sourcecode.swift; path = ViewControllerProtocol.swift; sourceTree = "<group>"; };
		FC34A2061FFFE18700F3C567 /* SceneCollectionViewCell.swift */ = {isa = PBXFileReference; lastKnownFileType = sourcecode.swift; path = SceneCollectionViewCell.swift; sourceTree = "<group>"; };
		FC34A2071FFFE18700F3C567 /* SceneCollectionViewCell.xib */ = {isa = PBXFileReference; lastKnownFileType = file.xib; path = SceneCollectionViewCell.xib; sourceTree = "<group>"; };
		FC34A20E200056DD00F3C567 /* CreatorViewController.swift */ = {isa = PBXFileReference; lastKnownFileType = sourcecode.swift; path = CreatorViewController.swift; sourceTree = "<group>"; };
		FC34A21B2001C1A000F3C567 /* CoverA.xib */ = {isa = PBXFileReference; fileEncoding = 4; lastKnownFileType = file.xib; path = CoverA.xib; sourceTree = "<group>"; };
		FC34A21C2001C1A000F3C567 /* CoverA.swift */ = {isa = PBXFileReference; fileEncoding = 4; lastKnownFileType = sourcecode.swift; path = CoverA.swift; sourceTree = "<group>"; };
		FC5A55732002057E00FFB5A3 /* Assets.xcassets */ = {isa = PBXFileReference; lastKnownFileType = folder.assetcatalog; path = Assets.xcassets; sourceTree = "<group>"; };
		FC84A2B42002D97D002CB10E /* PageViewController.swift */ = {isa = PBXFileReference; lastKnownFileType = sourcecode.swift; path = PageViewController.swift; sourceTree = "<group>"; };
		FC946DF91FF8F66F00D6616B /* VPLATE.app */ = {isa = PBXFileReference; explicitFileType = wrapper.application; includeInIndex = 0; path = VPLATE.app; sourceTree = BUILT_PRODUCTS_DIR; };
		FC946DFC1FF8F66F00D6616B /* AppDelegate.swift */ = {isa = PBXFileReference; lastKnownFileType = sourcecode.swift; path = AppDelegate.swift; sourceTree = "<group>"; };
		FC946E011FF8F66F00D6616B /* Base */ = {isa = PBXFileReference; lastKnownFileType = file.storyboard; name = Base; path = Base.lproj/Main.storyboard; sourceTree = "<group>"; };
		FC946E061FF8F66F00D6616B /* Base */ = {isa = PBXFileReference; lastKnownFileType = file.storyboard; name = Base; path = Base.lproj/LaunchScreen.storyboard; sourceTree = "<group>"; };
		FC946E081FF8F66F00D6616B /* Info.plist */ = {isa = PBXFileReference; lastKnownFileType = text.plist.xml; path = Info.plist; sourceTree = "<group>"; };
		FC946E0D1FF8F66F00D6616B /* VPLATETests.xctest */ = {isa = PBXFileReference; explicitFileType = wrapper.cfbundle; includeInIndex = 0; path = VPLATETests.xctest; sourceTree = BUILT_PRODUCTS_DIR; };
		FC946E111FF8F66F00D6616B /* VPLATETests.swift */ = {isa = PBXFileReference; lastKnownFileType = sourcecode.swift; path = VPLATETests.swift; sourceTree = "<group>"; };
		FC946E131FF8F66F00D6616B /* Info.plist */ = {isa = PBXFileReference; lastKnownFileType = text.plist.xml; path = Info.plist; sourceTree = "<group>"; };
		FC946E181FF8F66F00D6616B /* VPLATEUITests.xctest */ = {isa = PBXFileReference; explicitFileType = wrapper.cfbundle; includeInIndex = 0; path = VPLATEUITests.xctest; sourceTree = BUILT_PRODUCTS_DIR; };
		FC946E1C1FF8F66F00D6616B /* VPLATEUITests.swift */ = {isa = PBXFileReference; lastKnownFileType = sourcecode.swift; path = VPLATEUITests.swift; sourceTree = "<group>"; };
		FC946E1E1FF8F66F00D6616B /* Info.plist */ = {isa = PBXFileReference; lastKnownFileType = text.plist.xml; path = Info.plist; sourceTree = "<group>"; };
		FCC2278D20037D900050804D /* UIImage+FixOrientation.swift */ = {isa = PBXFileReference; fileEncoding = 4; lastKnownFileType = sourcecode.swift; path = "UIImage+FixOrientation.swift"; sourceTree = "<group>"; };
		FCC2278E20037D900050804D /* UIImageCropper.swift */ = {isa = PBXFileReference; fileEncoding = 4; lastKnownFileType = sourcecode.swift; path = UIImageCropper.swift; sourceTree = "<group>"; };
		FCC227912003884C0050804D /* LogInViewController.swift */ = {isa = PBXFileReference; lastKnownFileType = sourcecode.swift; path = LogInViewController.swift; sourceTree = "<group>"; };
		FCC22799200464770050804D /* APIService.swift */ = {isa = PBXFileReference; lastKnownFileType = sourcecode.swift; path = APIService.swift; sourceTree = "<group>"; };
		FCC2279B20046B420050804D /* SignServiece.swift */ = {isa = PBXFileReference; lastKnownFileType = sourcecode.swift; path = SignServiece.swift; sourceTree = "<group>"; };
		FCC2279F200492600050804D /* TemplateListServiece.swift */ = {isa = PBXFileReference; lastKnownFileType = sourcecode.swift; path = TemplateListServiece.swift; sourceTree = "<group>"; };
		FCC227A12005079D0050804D /* ConvertUTCtoLocal.swift */ = {isa = PBXFileReference; lastKnownFileType = sourcecode.swift; path = ConvertUTCtoLocal.swift; sourceTree = "<group>"; };
		FCC227A32005100A0050804D /* IntToMMSS.swift */ = {isa = PBXFileReference; lastKnownFileType = sourcecode.swift; path = IntToMMSS.swift; sourceTree = "<group>"; };
		FCC227A72005ADB80050804D /* DummyData.swift */ = {isa = PBXFileReference; fileEncoding = 4; lastKnownFileType = sourcecode.swift; path = DummyData.swift; sourceTree = "<group>"; };
		FCC528D92005C5F4006DEF40 /* DetailViewController.swift */ = {isa = PBXFileReference; lastKnownFileType = sourcecode.swift; path = DetailViewController.swift; sourceTree = "<group>"; };
		FCC528DB20062AF7006DEF40 /* CommunityVideo.swift */ = {isa = PBXFileReference; lastKnownFileType = sourcecode.swift; path = CommunityVideo.swift; sourceTree = "<group>"; };
		FCC528DD20062B8C006DEF40 /* CommunityListServiece.swift */ = {isa = PBXFileReference; lastKnownFileType = sourcecode.swift; path = CommunityListServiece.swift; sourceTree = "<group>"; };
		FCC528DF20063ECD006DEF40 /* RoundedImageView.swift */ = {isa = PBXFileReference; fileEncoding = 4; lastKnownFileType = sourcecode.swift; path = RoundedImageView.swift; sourceTree = "<group>"; };
		FCFAC8071FFD402500493A51 /* PlayerView.swift */ = {isa = PBXFileReference; lastKnownFileType = sourcecode.swift; path = PlayerView.swift; sourceTree = "<group>"; };
		FCFAC8091FFDFCC600493A51 /* CommunityVideoCollectionViewCell.swift */ = {isa = PBXFileReference; lastKnownFileType = sourcecode.swift; path = CommunityVideoCollectionViewCell.swift; sourceTree = "<group>"; };
		FCFAC80A1FFDFCC600493A51 /* CommunityVideoCollectionViewCell.xib */ = {isa = PBXFileReference; lastKnownFileType = file.xib; path = CommunityVideoCollectionViewCell.xib; sourceTree = "<group>"; };
		FCFAC80D1FFE1E0200493A51 /* TabbarViewController.swift */ = {isa = PBXFileReference; lastKnownFileType = sourcecode.swift; path = TabbarViewController.swift; sourceTree = "<group>"; };
		FCFAC80F1FFE258700493A51 /* TabBarController.swift */ = {isa = PBXFileReference; lastKnownFileType = sourcecode.swift; path = TabBarController.swift; sourceTree = "<group>"; };
		FCFAC8171FFF6F6600493A51 /* Template.swift */ = {isa = PBXFileReference; lastKnownFileType = sourcecode.swift; path = Template.swift; sourceTree = "<group>"; };
		FCFAC81D1FFF9DE000493A51 /* PagedCollectionLayout.swift */ = {isa = PBXFileReference; lastKnownFileType = sourcecode.swift; path = PagedCollectionLayout.swift; sourceTree = "<group>"; };
		FCFAC81F1FFFCFB900493A51 /* CategoryCollectionViewCell.swift */ = {isa = PBXFileReference; lastKnownFileType = sourcecode.swift; path = CategoryCollectionViewCell.swift; sourceTree = "<group>"; };
		FCFAC8201FFFCFB900493A51 /* CategoryCollectionViewCell.xib */ = {isa = PBXFileReference; lastKnownFileType = file.xib; path = CategoryCollectionViewCell.xib; sourceTree = "<group>"; };
		FCFAC8231FFFD4D300493A51 /* RandomColor.swift */ = {isa = PBXFileReference; lastKnownFileType = sourcecode.swift; path = RandomColor.swift; sourceTree = "<group>"; };
/* End PBXFileReference section */

/* Begin PBXFrameworksBuildPhase section */
		FC946DF61FF8F66F00D6616B /* Frameworks */ = {
			isa = PBXFrameworksBuildPhase;
			buildActionMask = 2147483647;
			files = (
				7A0DAE61321F8B761932F8F9 /* Pods_VPLATE.framework in Frameworks */,
			);
			runOnlyForDeploymentPostprocessing = 0;
		};
		FC946E0A1FF8F66F00D6616B /* Frameworks */ = {
			isa = PBXFrameworksBuildPhase;
			buildActionMask = 2147483647;
			files = (
				E7956C4CC0FF13298A913F10 /* Pods_VPLATETests.framework in Frameworks */,
			);
			runOnlyForDeploymentPostprocessing = 0;
		};
		FC946E151FF8F66F00D6616B /* Frameworks */ = {
			isa = PBXFrameworksBuildPhase;
			buildActionMask = 2147483647;
			files = (
				C02F0E1D09374B77C8DF5808 /* Pods_VPLATEUITests.framework in Frameworks */,
			);
			runOnlyForDeploymentPostprocessing = 0;
		};
/* End PBXFrameworksBuildPhase section */

/* Begin PBXGroup section */
		91BCF8418421E6C9264A461A /* Pods */ = {
			isa = PBXGroup;
			children = (
				983E81E8A0FC6D9B7E7EEBED /* Pods-VPLATE.debug.xcconfig */,
				87AD9349226C10FB6B787E93 /* Pods-VPLATE.release.xcconfig */,
				7BDA60E779A65500EA851A5E /* Pods-VPLATETests.debug.xcconfig */,
				1BD8E7F4243E00CE94EB03A1 /* Pods-VPLATETests.release.xcconfig */,
				68E88274EDB476C7A3993E83 /* Pods-VPLATEUITests.debug.xcconfig */,
				4F79CEC69170234E1698C95F /* Pods-VPLATEUITests.release.xcconfig */,
			);
			name = Pods;
			sourceTree = "<group>";
		};
		AD4DACD83829F5CAAA1AF4EE /* Frameworks */ = {
			isa = PBXGroup;
			children = (
				1BF5AD641EF7C8B61EC44E49 /* Pods_VPLATE.framework */,
				41A739AA386C0B69C09E9673 /* Pods_VPLATETests.framework */,
				60DDD327578F1AD0BAF11091 /* Pods_VPLATEUITests.framework */,
			);
			name = Frameworks;
			sourceTree = "<group>";
		};
		FC2CBD751FFCE14F00A34961 /* MyVideo */ = {
			isa = PBXGroup;
			children = (
				FC2CBD761FFCE18A00A34961 /* InProgressViewController.swift */,
				FC2CBD771FFCE18A00A34961 /* InProgressViewController.xib */,
				FC2CBD7A1FFCE1A800A34961 /* CompletionViewController.swift */,
				FC2CBD7B1FFCE1A800A34961 /* CompletionViewController.xib */,
				FC84A2B42002D97D002CB10E /* PageViewController.swift */,
			);
			path = MyVideo;
			sourceTree = "<group>";
		};
		FC2CBD851FFCF0F600A34961 /* Protocol */ = {
			isa = PBXGroup;
			children = (
				FC2CBD911FFD1EAF00A34961 /* ViewControllerProtocol.swift */,
			);
			path = Protocol;
			sourceTree = "<group>";
		};
		FC2CBD8A1FFCF31A00A34961 /* Cell */ = {
			isa = PBXGroup;
			children = (
				FC34A21F2001C1A500F3C567 /* CoverA */,
				FC34A2051FFFE08900F3C567 /* CollectionView */,
				FC34A2041FFFE07900F3C567 /* TableView */,
			);
			path = Cell;
			sourceTree = "<group>";
		};
		FC34A2041FFFE07900F3C567 /* TableView */ = {
			isa = PBXGroup;
			children = (
				FC2CBD8B1FFCF33C00A34961 /* VideoTableViewCell.swift */,
				FC2CBD8C1FFCF33C00A34961 /* VideoTableViewCell.xib */,
			);
			path = TableView;
			sourceTree = "<group>";
		};
		FC34A2051FFFE08900F3C567 /* CollectionView */ = {
			isa = PBXGroup;
			children = (
				FCFAC8091FFDFCC600493A51 /* CommunityVideoCollectionViewCell.swift */,
				FCFAC80A1FFDFCC600493A51 /* CommunityVideoCollectionViewCell.xib */,
				FCFAC81F1FFFCFB900493A51 /* CategoryCollectionViewCell.swift */,
				FCFAC8201FFFCFB900493A51 /* CategoryCollectionViewCell.xib */,
				FC34A2061FFFE18700F3C567 /* SceneCollectionViewCell.swift */,
				FC34A2071FFFE18700F3C567 /* SceneCollectionViewCell.xib */,
			);
			path = CollectionView;
			sourceTree = "<group>";
		};
		FC34A21F2001C1A500F3C567 /* CoverA */ = {
			isa = PBXGroup;
			children = (
				FC34A21B2001C1A000F3C567 /* CoverA.xib */,
				FC34A21C2001C1A000F3C567 /* CoverA.swift */,
			);
			name = CoverA;
			path = "New Group";
			sourceTree = "<group>";
		};
		FC946DF01FF8F66F00D6616B = {
			isa = PBXGroup;
			children = (
				FC946DFB1FF8F66F00D6616B /* VPLATE */,
				FC946E101FF8F66F00D6616B /* VPLATETests */,
				FC946E1B1FF8F66F00D6616B /* VPLATEUITests */,
				FC946DFA1FF8F66F00D6616B /* Products */,
				91BCF8418421E6C9264A461A /* Pods */,
				AD4DACD83829F5CAAA1AF4EE /* Frameworks */,
			);
			sourceTree = "<group>";
		};
		FC946DFA1FF8F66F00D6616B /* Products */ = {
			isa = PBXGroup;
			children = (
				FC946DF91FF8F66F00D6616B /* VPLATE.app */,
				FC946E0D1FF8F66F00D6616B /* VPLATETests.xctest */,
				FC946E181FF8F66F00D6616B /* VPLATEUITests.xctest */,
			);
			name = Products;
			sourceTree = "<group>";
		};
		FC946DFB1FF8F66F00D6616B /* VPLATE */ = {
			isa = PBXGroup;
			children = (
				FC5A55732002057E00FFB5A3 /* Assets.xcassets */,
				FCC227932003FB910050804D /* Network */,
				FCFAC8151FFF6F4900493A51 /* Data Object */,
				FCFAC8061FFD401400493A51 /* Style */,
				FC2CBD8A1FFCF31A00A34961 /* Cell */,
				FC2CBD851FFCF0F600A34961 /* Protocol */,
				FCD9B2761FFCB8FD00A1651F /* Extension */,
				FCD9B2751FFCB8ED00A1651F /* Storyboard */,
				FCD9B2741FFCB8E700A1651F /* ViewController */,
				FC946DFC1FF8F66F00D6616B /* AppDelegate.swift */,
				FC946E081FF8F66F00D6616B /* Info.plist */,
			);
			path = VPLATE;
			sourceTree = "<group>";
		};
		FC946E101FF8F66F00D6616B /* VPLATETests */ = {
			isa = PBXGroup;
			children = (
				FC946E111FF8F66F00D6616B /* VPLATETests.swift */,
				FC946E131FF8F66F00D6616B /* Info.plist */,
			);
			path = VPLATETests;
			sourceTree = "<group>";
		};
		FC946E1B1FF8F66F00D6616B /* VPLATEUITests */ = {
			isa = PBXGroup;
			children = (
				FC946E1C1FF8F66F00D6616B /* VPLATEUITests.swift */,
				FC946E1E1FF8F66F00D6616B /* Info.plist */,
			);
			path = VPLATEUITests;
			sourceTree = "<group>";
		};
		FCC2278C20037D770050804D /* ImageCropper */ = {
			isa = PBXGroup;
			children = (
				FCC2278D20037D900050804D /* UIImage+FixOrientation.swift */,
				FCC2278E20037D900050804D /* UIImageCropper.swift */,
			);
			path = ImageCropper;
			sourceTree = "<group>";
		};
		FCC227932003FB910050804D /* Network */ = {
			isa = PBXGroup;
			children = (
				FCC22799200464770050804D /* APIService.swift */,
				FCC2279B20046B420050804D /* SignServiece.swift */,
				FCC2279F200492600050804D /* TemplateListServiece.swift */,
				FCC528DD20062B8C006DEF40 /* CommunityListServiece.swift */,
			);
			path = Network;
			sourceTree = "<group>";
		};
		FCD9B2741FFCB8E700A1651F /* ViewController */ = {
			isa = PBXGroup;
			children = (
				FCC2278C20037D770050804D /* ImageCropper */,
				FC2CBD751FFCE14F00A34961 /* MyVideo */,
				FC2CBD671FFCCEC000A34961 /* HomeViewController.swift */,
				FC2CBD691FFCCF5C00A34961 /* MyVideoViewController.swift */,
				FC2CBD6B1FFCCF8100A34961 /* SelectedVideoViewController.swift */,
				FC2CBD6D1FFCCF8B00A34961 /* CommunityViewController.swift */,
				FC2CBD6F1FFCCF9200A34961 /* SettingViewController.swift */,
				FC2CBD871FFCF12700A34961 /* ViewController.swift */,
				FCFAC80D1FFE1E0200493A51 /* TabbarViewController.swift */,
				FCFAC80F1FFE258700493A51 /* TabBarController.swift */,
				FC34A20E200056DD00F3C567 /* CreatorViewController.swift */,
				FCC227912003884C0050804D /* LogInViewController.swift */,
				FCC528D92005C5F4006DEF40 /* DetailViewController.swift */,
			);
			path = ViewController;
			sourceTree = "<group>";
		};
		FCD9B2751FFCB8ED00A1651F /* Storyboard */ = {
			isa = PBXGroup;
			children = (
				FC946E001FF8F66F00D6616B /* Main.storyboard */,
				FC946E051FF8F66F00D6616B /* LaunchScreen.storyboard */,
			);
			path = Storyboard;
			sourceTree = "<group>";
		};
		FCD9B2761FFCB8FD00A1651F /* Extension */ = {
			isa = PBXGroup;
			children = (
				FC2CBD7F1FFCE1C000A34961 /* Reusable.swift */,
				FC2CBD831FFCEC7700A34961 /* UIColorToUIImage.swift */,
				FC2CBD8F1FFCFCE000A34961 /* CollectionViewDetectCurrentCell.swift */,
				FCFAC8231FFFD4D300493A51 /* RandomColor.swift */,
				FCC227A12005079D0050804D /* ConvertUTCtoLocal.swift */,
				FCC227A32005100A0050804D /* IntToMMSS.swift */,
			);
			path = Extension;
			sourceTree = "<group>";
		};
		FCFAC8061FFD401400493A51 /* Style */ = {
			isa = PBXGroup;
			children = (
				FCC528DF20063ECD006DEF40 /* RoundedImageView.swift */,
				FCFAC8071FFD402500493A51 /* PlayerView.swift */,
				FCFAC81D1FFF9DE000493A51 /* PagedCollectionLayout.swift */,
			);
			path = Style;
			sourceTree = "<group>";
		};
		FCFAC8151FFF6F4900493A51 /* Data Object */ = {
			isa = PBXGroup;
			children = (
				FC2CBD811FFCE91F00A34961 /* TitleEnum.swift */,
				FCC227A72005ADB80050804D /* DummyData.swift */,
				FCFAC8171FFF6F6600493A51 /* Template.swift */,
				FCC528DB20062AF7006DEF40 /* CommunityVideo.swift */,
			);
			path = "Data Object";
			sourceTree = "<group>";
		};
/* End PBXGroup section */

/* Begin PBXNativeTarget section */
		FC946DF81FF8F66F00D6616B /* VPLATE */ = {
			isa = PBXNativeTarget;
			buildConfigurationList = FC946E211FF8F66F00D6616B /* Build configuration list for PBXNativeTarget "VPLATE" */;
			buildPhases = (
				A38853BD3723DDFCC12914F3 /* [CP] Check Pods Manifest.lock */,
				FC946DF51FF8F66F00D6616B /* Sources */,
				FC946DF61FF8F66F00D6616B /* Frameworks */,
				FC946DF71FF8F66F00D6616B /* Resources */,
				42A5C9A0272B9E47409D79F0 /* [CP] Embed Pods Frameworks */,
				5412B21591DC9DAA9F6E8A53 /* [CP] Copy Pods Resources */,
			);
			buildRules = (
			);
			dependencies = (
			);
			name = VPLATE;
			productName = VPLATE;
			productReference = FC946DF91FF8F66F00D6616B /* VPLATE.app */;
			productType = "com.apple.product-type.application";
		};
		FC946E0C1FF8F66F00D6616B /* VPLATETests */ = {
			isa = PBXNativeTarget;
			buildConfigurationList = FC946E241FF8F66F00D6616B /* Build configuration list for PBXNativeTarget "VPLATETests" */;
			buildPhases = (
				C53AE12816119234734C78B8 /* [CP] Check Pods Manifest.lock */,
				FC946E091FF8F66F00D6616B /* Sources */,
				FC946E0A1FF8F66F00D6616B /* Frameworks */,
				FC946E0B1FF8F66F00D6616B /* Resources */,
				F85DAECF1445CFEA6F9338BC /* [CP] Embed Pods Frameworks */,
				6DC44A0A1337C5825C038E98 /* [CP] Copy Pods Resources */,
			);
			buildRules = (
			);
			dependencies = (
				FC946E0F1FF8F66F00D6616B /* PBXTargetDependency */,
			);
			name = VPLATETests;
			productName = VPLATETests;
			productReference = FC946E0D1FF8F66F00D6616B /* VPLATETests.xctest */;
			productType = "com.apple.product-type.bundle.unit-test";
		};
		FC946E171FF8F66F00D6616B /* VPLATEUITests */ = {
			isa = PBXNativeTarget;
			buildConfigurationList = FC946E271FF8F66F00D6616B /* Build configuration list for PBXNativeTarget "VPLATEUITests" */;
			buildPhases = (
				6C712EBD359EE96720DC027F /* [CP] Check Pods Manifest.lock */,
				FC946E141FF8F66F00D6616B /* Sources */,
				FC946E151FF8F66F00D6616B /* Frameworks */,
				FC946E161FF8F66F00D6616B /* Resources */,
				CF2663839808B56F21718B2D /* [CP] Embed Pods Frameworks */,
				5993A90D5C795B483659E20F /* [CP] Copy Pods Resources */,
			);
			buildRules = (
			);
			dependencies = (
				FC946E1A1FF8F66F00D6616B /* PBXTargetDependency */,
			);
			name = VPLATEUITests;
			productName = VPLATEUITests;
			productReference = FC946E181FF8F66F00D6616B /* VPLATEUITests.xctest */;
			productType = "com.apple.product-type.bundle.ui-testing";
		};
/* End PBXNativeTarget section */

/* Begin PBXProject section */
		FC946DF11FF8F66F00D6616B /* Project object */ = {
			isa = PBXProject;
			attributes = {
				LastSwiftUpdateCheck = 0920;
				LastUpgradeCheck = 0920;
				ORGANIZATIONNAME = "이광용";
				TargetAttributes = {
					FC946DF81FF8F66F00D6616B = {
						CreatedOnToolsVersion = 9.2;
						ProvisioningStyle = Automatic;
					};
					FC946E0C1FF8F66F00D6616B = {
						CreatedOnToolsVersion = 9.2;
						ProvisioningStyle = Automatic;
						TestTargetID = FC946DF81FF8F66F00D6616B;
					};
					FC946E171FF8F66F00D6616B = {
						CreatedOnToolsVersion = 9.2;
						ProvisioningStyle = Automatic;
						TestTargetID = FC946DF81FF8F66F00D6616B;
					};
				};
			};
			buildConfigurationList = FC946DF41FF8F66F00D6616B /* Build configuration list for PBXProject "VPLATE" */;
			compatibilityVersion = "Xcode 8.0";
			developmentRegion = en;
			hasScannedForEncodings = 0;
			knownRegions = (
				en,
				Base,
			);
			mainGroup = FC946DF01FF8F66F00D6616B;
			productRefGroup = FC946DFA1FF8F66F00D6616B /* Products */;
			projectDirPath = "";
			projectRoot = "";
			targets = (
				FC946DF81FF8F66F00D6616B /* VPLATE */,
				FC946E0C1FF8F66F00D6616B /* VPLATETests */,
				FC946E171FF8F66F00D6616B /* VPLATEUITests */,
			);
		};
/* End PBXProject section */

/* Begin PBXResourcesBuildPhase section */
		FC946DF71FF8F66F00D6616B /* Resources */ = {
			isa = PBXResourcesBuildPhase;
			buildActionMask = 2147483647;
			files = (
				FCFAC80C1FFDFCC600493A51 /* CommunityVideoCollectionViewCell.xib in Resources */,
				FC2CBD8E1FFCF33C00A34961 /* VideoTableViewCell.xib in Resources */,
				FC5A55742002057F00FFB5A3 /* Assets.xcassets in Resources */,
				FC946E071FF8F66F00D6616B /* LaunchScreen.storyboard in Resources */,
				FC2CBD7D1FFCE1A800A34961 /* CompletionViewController.xib in Resources */,
				FC34A21D2001C1A000F3C567 /* CoverA.xib in Resources */,
				FCFAC8221FFFCFB900493A51 /* CategoryCollectionViewCell.xib in Resources */,
				FC34A2091FFFE18700F3C567 /* SceneCollectionViewCell.xib in Resources */,
				FC946E021FF8F66F00D6616B /* Main.storyboard in Resources */,
				FC2CBD791FFCE18A00A34961 /* InProgressViewController.xib in Resources */,
			);
			runOnlyForDeploymentPostprocessing = 0;
		};
		FC946E0B1FF8F66F00D6616B /* Resources */ = {
			isa = PBXResourcesBuildPhase;
			buildActionMask = 2147483647;
			files = (
			);
			runOnlyForDeploymentPostprocessing = 0;
		};
		FC946E161FF8F66F00D6616B /* Resources */ = {
			isa = PBXResourcesBuildPhase;
			buildActionMask = 2147483647;
			files = (
			);
			runOnlyForDeploymentPostprocessing = 0;
		};
/* End PBXResourcesBuildPhase section */

/* Begin PBXShellScriptBuildPhase section */
		42A5C9A0272B9E47409D79F0 /* [CP] Embed Pods Frameworks */ = {
			isa = PBXShellScriptBuildPhase;
			buildActionMask = 2147483647;
			files = (
			);
			inputPaths = (
				"${SRCROOT}/Pods/Target Support Files/Pods-VPLATE/Pods-VPLATE-frameworks.sh",
				"${BUILT_PRODUCTS_DIR}/Alamofire/Alamofire.framework",
				"${BUILT_PRODUCTS_DIR}/Bolts/Bolts.framework",
				"${BUILT_PRODUCTS_DIR}/FBSDKCoreKit/FBSDKCoreKit.framework",
				"${BUILT_PRODUCTS_DIR}/FBSDKLoginKit/FBSDKLoginKit.framework",
				"${BUILT_PRODUCTS_DIR}/FBSDKShareKit/FBSDKShareKit.framework",
				"${BUILT_PRODUCTS_DIR}/FacebookCore/FacebookCore.framework",
				"${BUILT_PRODUCTS_DIR}/FacebookLogin/FacebookLogin.framework",
				"${BUILT_PRODUCTS_DIR}/FacebookShare/FacebookShare.framework",
				"${BUILT_PRODUCTS_DIR}/GoogleToolboxForMac/GoogleToolboxForMac.framework",
				"${BUILT_PRODUCTS_DIR}/Kingfisher/Kingfisher.framework",
				"${BUILT_PRODUCTS_DIR}/MMPlayerView/MMPlayerView.framework",
				"${BUILT_PRODUCTS_DIR}/PageMenu/PageMenu.framework",
				"${BUILT_PRODUCTS_DIR}/PryntTrimmerView/PryntTrimmerView.framework",
				"${BUILT_PRODUCTS_DIR}/SwiftGifOrigin/SwiftGifOrigin.framework",
				"${BUILT_PRODUCTS_DIR}/SwiftyJSON/SwiftyJSON.framework",
				"${BUILT_PRODUCTS_DIR}/nanopb/nanopb.framework",
			);
			name = "[CP] Embed Pods Frameworks";
			outputPaths = (
				"${TARGET_BUILD_DIR}/${FRAMEWORKS_FOLDER_PATH}/Alamofire.framework",
				"${TARGET_BUILD_DIR}/${FRAMEWORKS_FOLDER_PATH}/Bolts.framework",
				"${TARGET_BUILD_DIR}/${FRAMEWORKS_FOLDER_PATH}/FBSDKCoreKit.framework",
				"${TARGET_BUILD_DIR}/${FRAMEWORKS_FOLDER_PATH}/FBSDKLoginKit.framework",
				"${TARGET_BUILD_DIR}/${FRAMEWORKS_FOLDER_PATH}/FBSDKShareKit.framework",
				"${TARGET_BUILD_DIR}/${FRAMEWORKS_FOLDER_PATH}/FacebookCore.framework",
				"${TARGET_BUILD_DIR}/${FRAMEWORKS_FOLDER_PATH}/FacebookLogin.framework",
				"${TARGET_BUILD_DIR}/${FRAMEWORKS_FOLDER_PATH}/FacebookShare.framework",
				"${TARGET_BUILD_DIR}/${FRAMEWORKS_FOLDER_PATH}/GoogleToolboxForMac.framework",
				"${TARGET_BUILD_DIR}/${FRAMEWORKS_FOLDER_PATH}/Kingfisher.framework",
				"${TARGET_BUILD_DIR}/${FRAMEWORKS_FOLDER_PATH}/MMPlayerView.framework",
				"${TARGET_BUILD_DIR}/${FRAMEWORKS_FOLDER_PATH}/PageMenu.framework",
				"${TARGET_BUILD_DIR}/${FRAMEWORKS_FOLDER_PATH}/PryntTrimmerView.framework",
				"${TARGET_BUILD_DIR}/${FRAMEWORKS_FOLDER_PATH}/SwiftGifOrigin.framework",
				"${TARGET_BUILD_DIR}/${FRAMEWORKS_FOLDER_PATH}/SwiftyJSON.framework",
				"${TARGET_BUILD_DIR}/${FRAMEWORKS_FOLDER_PATH}/nanopb.framework",
			);
			runOnlyForDeploymentPostprocessing = 0;
			shellPath = /bin/sh;
			shellScript = "\"${SRCROOT}/Pods/Target Support Files/Pods-VPLATE/Pods-VPLATE-frameworks.sh\"\n";
			showEnvVarsInLog = 0;
		};
		5412B21591DC9DAA9F6E8A53 /* [CP] Copy Pods Resources */ = {
			isa = PBXShellScriptBuildPhase;
			buildActionMask = 2147483647;
			files = (
			);
			inputPaths = (
			);
			name = "[CP] Copy Pods Resources";
			outputPaths = (
			);
			runOnlyForDeploymentPostprocessing = 0;
			shellPath = /bin/sh;
			shellScript = "\"${SRCROOT}/Pods/Target Support Files/Pods-VPLATE/Pods-VPLATE-resources.sh\"\n";
			showEnvVarsInLog = 0;
		};
		5993A90D5C795B483659E20F /* [CP] Copy Pods Resources */ = {
			isa = PBXShellScriptBuildPhase;
			buildActionMask = 2147483647;
			files = (
			);
			inputPaths = (
			);
			name = "[CP] Copy Pods Resources";
			outputPaths = (
			);
			runOnlyForDeploymentPostprocessing = 0;
			shellPath = /bin/sh;
			shellScript = "\"${SRCROOT}/Pods/Target Support Files/Pods-VPLATEUITests/Pods-VPLATEUITests-resources.sh\"\n";
			showEnvVarsInLog = 0;
		};
		6C712EBD359EE96720DC027F /* [CP] Check Pods Manifest.lock */ = {
			isa = PBXShellScriptBuildPhase;
			buildActionMask = 2147483647;
			files = (
			);
			inputPaths = (
				"${PODS_PODFILE_DIR_PATH}/Podfile.lock",
				"${PODS_ROOT}/Manifest.lock",
			);
			name = "[CP] Check Pods Manifest.lock";
			outputPaths = (
				"$(DERIVED_FILE_DIR)/Pods-VPLATEUITests-checkManifestLockResult.txt",
			);
			runOnlyForDeploymentPostprocessing = 0;
			shellPath = /bin/sh;
			shellScript = "diff \"${PODS_PODFILE_DIR_PATH}/Podfile.lock\" \"${PODS_ROOT}/Manifest.lock\" > /dev/null\nif [ $? != 0 ] ; then\n    # print error to STDERR\n    echo \"error: The sandbox is not in sync with the Podfile.lock. Run 'pod install' or update your CocoaPods installation.\" >&2\n    exit 1\nfi\n# This output is used by Xcode 'outputs' to avoid re-running this script phase.\necho \"SUCCESS\" > \"${SCRIPT_OUTPUT_FILE_0}\"\n";
			showEnvVarsInLog = 0;
		};
		6DC44A0A1337C5825C038E98 /* [CP] Copy Pods Resources */ = {
			isa = PBXShellScriptBuildPhase;
			buildActionMask = 2147483647;
			files = (
			);
			inputPaths = (
			);
			name = "[CP] Copy Pods Resources";
			outputPaths = (
			);
			runOnlyForDeploymentPostprocessing = 0;
			shellPath = /bin/sh;
			shellScript = "\"${SRCROOT}/Pods/Target Support Files/Pods-VPLATETests/Pods-VPLATETests-resources.sh\"\n";
			showEnvVarsInLog = 0;
		};
		A38853BD3723DDFCC12914F3 /* [CP] Check Pods Manifest.lock */ = {
			isa = PBXShellScriptBuildPhase;
			buildActionMask = 2147483647;
			files = (
			);
			inputPaths = (
				"${PODS_PODFILE_DIR_PATH}/Podfile.lock",
				"${PODS_ROOT}/Manifest.lock",
			);
			name = "[CP] Check Pods Manifest.lock";
			outputPaths = (
				"$(DERIVED_FILE_DIR)/Pods-VPLATE-checkManifestLockResult.txt",
			);
			runOnlyForDeploymentPostprocessing = 0;
			shellPath = /bin/sh;
			shellScript = "diff \"${PODS_PODFILE_DIR_PATH}/Podfile.lock\" \"${PODS_ROOT}/Manifest.lock\" > /dev/null\nif [ $? != 0 ] ; then\n    # print error to STDERR\n    echo \"error: The sandbox is not in sync with the Podfile.lock. Run 'pod install' or update your CocoaPods installation.\" >&2\n    exit 1\nfi\n# This output is used by Xcode 'outputs' to avoid re-running this script phase.\necho \"SUCCESS\" > \"${SCRIPT_OUTPUT_FILE_0}\"\n";
			showEnvVarsInLog = 0;
		};
		C53AE12816119234734C78B8 /* [CP] Check Pods Manifest.lock */ = {
			isa = PBXShellScriptBuildPhase;
			buildActionMask = 2147483647;
			files = (
			);
			inputPaths = (
				"${PODS_PODFILE_DIR_PATH}/Podfile.lock",
				"${PODS_ROOT}/Manifest.lock",
			);
			name = "[CP] Check Pods Manifest.lock";
			outputPaths = (
				"$(DERIVED_FILE_DIR)/Pods-VPLATETests-checkManifestLockResult.txt",
			);
			runOnlyForDeploymentPostprocessing = 0;
			shellPath = /bin/sh;
			shellScript = "diff \"${PODS_PODFILE_DIR_PATH}/Podfile.lock\" \"${PODS_ROOT}/Manifest.lock\" > /dev/null\nif [ $? != 0 ] ; then\n    # print error to STDERR\n    echo \"error: The sandbox is not in sync with the Podfile.lock. Run 'pod install' or update your CocoaPods installation.\" >&2\n    exit 1\nfi\n# This output is used by Xcode 'outputs' to avoid re-running this script phase.\necho \"SUCCESS\" > \"${SCRIPT_OUTPUT_FILE_0}\"\n";
			showEnvVarsInLog = 0;
		};
		CF2663839808B56F21718B2D /* [CP] Embed Pods Frameworks */ = {
			isa = PBXShellScriptBuildPhase;
			buildActionMask = 2147483647;
			files = (
			);
			inputPaths = (
			);
			name = "[CP] Embed Pods Frameworks";
			outputPaths = (
			);
			runOnlyForDeploymentPostprocessing = 0;
			shellPath = /bin/sh;
			shellScript = "\"${SRCROOT}/Pods/Target Support Files/Pods-VPLATEUITests/Pods-VPLATEUITests-frameworks.sh\"\n";
			showEnvVarsInLog = 0;
		};
		F85DAECF1445CFEA6F9338BC /* [CP] Embed Pods Frameworks */ = {
			isa = PBXShellScriptBuildPhase;
			buildActionMask = 2147483647;
			files = (
			);
			inputPaths = (
			);
			name = "[CP] Embed Pods Frameworks";
			outputPaths = (
			);
			runOnlyForDeploymentPostprocessing = 0;
			shellPath = /bin/sh;
			shellScript = "\"${SRCROOT}/Pods/Target Support Files/Pods-VPLATETests/Pods-VPLATETests-frameworks.sh\"\n";
			showEnvVarsInLog = 0;
		};
/* End PBXShellScriptBuildPhase section */

/* Begin PBXSourcesBuildPhase section */
		FC946DF51FF8F66F00D6616B /* Sources */ = {
			isa = PBXSourcesBuildPhase;
			buildActionMask = 2147483647;
			files = (
				FC946DFD1FF8F66F00D6616B /* AppDelegate.swift in Sources */,
				FCC227A22005079D0050804D /* ConvertUTCtoLocal.swift in Sources */,
				FC2CBD6C1FFCCF8100A34961 /* SelectedVideoViewController.swift in Sources */,
				FC2CBD921FFD1EAF00A34961 /* ViewControllerProtocol.swift in Sources */,
				FC2CBD841FFCEC7700A34961 /* UIColorToUIImage.swift in Sources */,
				FCC528DE20062B8C006DEF40 /* CommunityListServiece.swift in Sources */,
				FCFAC8241FFFD4D300493A51 /* RandomColor.swift in Sources */,
				FC2CBD6E1FFCCF8B00A34961 /* CommunityViewController.swift in Sources */,
				FC2CBD6A1FFCCF5C00A34961 /* MyVideoViewController.swift in Sources */,
				FCFAC80B1FFDFCC600493A51 /* CommunityVideoCollectionViewCell.swift in Sources */,
				FC2CBD801FFCE1C000A34961 /* Reusable.swift in Sources */,
				FC34A2081FFFE18700F3C567 /* SceneCollectionViewCell.swift in Sources */,
				FC2CBD781FFCE18A00A34961 /* InProgressViewController.swift in Sources */,
				FCFAC80E1FFE1E0200493A51 /* TabbarViewController.swift in Sources */,
				FCC227922003884C0050804D /* LogInViewController.swift in Sources */,
				FCC2279020037D900050804D /* UIImageCropper.swift in Sources */,
				FCFAC8081FFD402500493A51 /* PlayerView.swift in Sources */,
				FCFAC8181FFF6F6600493A51 /* Template.swift in Sources */,
				FCC2279C20046B420050804D /* SignServiece.swift in Sources */,
				FCC2279A200464770050804D /* APIService.swift in Sources */,
				FCC528DC20062AF7006DEF40 /* CommunityVideo.swift in Sources */,
				FC34A21E2001C1A000F3C567 /* CoverA.swift in Sources */,
				FCC227A42005100A0050804D /* IntToMMSS.swift in Sources */,
				FCFAC81E1FFF9DE000493A51 /* PagedCollectionLayout.swift in Sources */,
				FCC227A0200492600050804D /* TemplateListServiece.swift in Sources */,
				FC2CBD7C1FFCE1A800A34961 /* CompletionViewController.swift in Sources */,
				FC2CBD881FFCF12700A34961 /* ViewController.swift in Sources */,
				FCC2278F20037D900050804D /* UIImage+FixOrientation.swift in Sources */,
				FCFAC8101FFE258700493A51 /* TabBarController.swift in Sources */,
				FC34A20F200056DD00F3C567 /* CreatorViewController.swift in Sources */,
				FCC227A82005ADB80050804D /* DummyData.swift in Sources */,
				FCC528DA2005C5F4006DEF40 /* DetailViewController.swift in Sources */,
				FCFAC8211FFFCFB900493A51 /* CategoryCollectionViewCell.swift in Sources */,
				FC2CBD8D1FFCF33C00A34961 /* VideoTableViewCell.swift in Sources */,
				FC84A2B52002D97D002CB10E /* PageViewController.swift in Sources */,
				FCC528E020063ECD006DEF40 /* RoundedImageView.swift in Sources */,
				FC2CBD681FFCCEC000A34961 /* HomeViewController.swift in Sources */,
				FC2CBD701FFCCF9200A34961 /* SettingViewController.swift in Sources */,
				FC2CBD901FFCFCE000A34961 /* CollectionViewDetectCurrentCell.swift in Sources */,
				FC2CBD821FFCE91F00A34961 /* TitleEnum.swift in Sources */,
			);
			runOnlyForDeploymentPostprocessing = 0;
		};
		FC946E091FF8F66F00D6616B /* Sources */ = {
			isa = PBXSourcesBuildPhase;
			buildActionMask = 2147483647;
			files = (
				FC946E121FF8F66F00D6616B /* VPLATETests.swift in Sources */,
			);
			runOnlyForDeploymentPostprocessing = 0;
		};
		FC946E141FF8F66F00D6616B /* Sources */ = {
			isa = PBXSourcesBuildPhase;
			buildActionMask = 2147483647;
			files = (
				FC946E1D1FF8F66F00D6616B /* VPLATEUITests.swift in Sources */,
			);
			runOnlyForDeploymentPostprocessing = 0;
		};
/* End PBXSourcesBuildPhase section */

/* Begin PBXTargetDependency section */
		FC946E0F1FF8F66F00D6616B /* PBXTargetDependency */ = {
			isa = PBXTargetDependency;
			target = FC946DF81FF8F66F00D6616B /* VPLATE */;
			targetProxy = FC946E0E1FF8F66F00D6616B /* PBXContainerItemProxy */;
		};
		FC946E1A1FF8F66F00D6616B /* PBXTargetDependency */ = {
			isa = PBXTargetDependency;
			target = FC946DF81FF8F66F00D6616B /* VPLATE */;
			targetProxy = FC946E191FF8F66F00D6616B /* PBXContainerItemProxy */;
		};
/* End PBXTargetDependency section */

/* Begin PBXVariantGroup section */
		FC946E001FF8F66F00D6616B /* Main.storyboard */ = {
			isa = PBXVariantGroup;
			children = (
				FC946E011FF8F66F00D6616B /* Base */,
			);
			name = Main.storyboard;
			sourceTree = "<group>";
		};
		FC946E051FF8F66F00D6616B /* LaunchScreen.storyboard */ = {
			isa = PBXVariantGroup;
			children = (
				FC946E061FF8F66F00D6616B /* Base */,
			);
			name = LaunchScreen.storyboard;
			sourceTree = "<group>";
		};
/* End PBXVariantGroup section */

/* Begin XCBuildConfiguration section */
		FC946E1F1FF8F66F00D6616B /* Debug */ = {
			isa = XCBuildConfiguration;
			buildSettings = {
				ALWAYS_SEARCH_USER_PATHS = NO;
				CLANG_ANALYZER_NONNULL = YES;
				CLANG_ANALYZER_NUMBER_OBJECT_CONVERSION = YES_AGGRESSIVE;
				CLANG_CXX_LANGUAGE_STANDARD = "gnu++14";
				CLANG_CXX_LIBRARY = "libc++";
				CLANG_ENABLE_MODULES = YES;
				CLANG_ENABLE_OBJC_ARC = YES;
				CLANG_WARN_BLOCK_CAPTURE_AUTORELEASING = YES;
				CLANG_WARN_BOOL_CONVERSION = YES;
				CLANG_WARN_COMMA = YES;
				CLANG_WARN_CONSTANT_CONVERSION = YES;
				CLANG_WARN_DIRECT_OBJC_ISA_USAGE = YES_ERROR;
				CLANG_WARN_DOCUMENTATION_COMMENTS = YES;
				CLANG_WARN_EMPTY_BODY = YES;
				CLANG_WARN_ENUM_CONVERSION = YES;
				CLANG_WARN_INFINITE_RECURSION = YES;
				CLANG_WARN_INT_CONVERSION = YES;
				CLANG_WARN_NON_LITERAL_NULL_CONVERSION = YES;
				CLANG_WARN_OBJC_LITERAL_CONVERSION = YES;
				CLANG_WARN_OBJC_ROOT_CLASS = YES_ERROR;
				CLANG_WARN_RANGE_LOOP_ANALYSIS = YES;
				CLANG_WARN_STRICT_PROTOTYPES = YES;
				CLANG_WARN_SUSPICIOUS_MOVE = YES;
				CLANG_WARN_UNGUARDED_AVAILABILITY = YES_AGGRESSIVE;
				CLANG_WARN_UNREACHABLE_CODE = YES;
				CLANG_WARN__DUPLICATE_METHOD_MATCH = YES;
				CODE_SIGN_IDENTITY = "iPhone Developer";
				COPY_PHASE_STRIP = NO;
				DEBUG_INFORMATION_FORMAT = dwarf;
				ENABLE_STRICT_OBJC_MSGSEND = YES;
				ENABLE_TESTABILITY = YES;
				GCC_C_LANGUAGE_STANDARD = gnu11;
				GCC_DYNAMIC_NO_PIC = NO;
				GCC_NO_COMMON_BLOCKS = YES;
				GCC_OPTIMIZATION_LEVEL = 0;
				GCC_PREPROCESSOR_DEFINITIONS = (
					"DEBUG=1",
					"$(inherited)",
				);
				GCC_WARN_64_TO_32_BIT_CONVERSION = YES;
				GCC_WARN_ABOUT_RETURN_TYPE = YES_ERROR;
				GCC_WARN_UNDECLARED_SELECTOR = YES;
				GCC_WARN_UNINITIALIZED_AUTOS = YES_AGGRESSIVE;
				GCC_WARN_UNUSED_FUNCTION = YES;
				GCC_WARN_UNUSED_VARIABLE = YES;
				IPHONEOS_DEPLOYMENT_TARGET = 11.2;
				MTL_ENABLE_DEBUG_INFO = YES;
				ONLY_ACTIVE_ARCH = YES;
				SDKROOT = iphoneos;
				SWIFT_ACTIVE_COMPILATION_CONDITIONS = DEBUG;
				SWIFT_OPTIMIZATION_LEVEL = "-Onone";
			};
			name = Debug;
		};
		FC946E201FF8F66F00D6616B /* Release */ = {
			isa = XCBuildConfiguration;
			buildSettings = {
				ALWAYS_SEARCH_USER_PATHS = NO;
				CLANG_ANALYZER_NONNULL = YES;
				CLANG_ANALYZER_NUMBER_OBJECT_CONVERSION = YES_AGGRESSIVE;
				CLANG_CXX_LANGUAGE_STANDARD = "gnu++14";
				CLANG_CXX_LIBRARY = "libc++";
				CLANG_ENABLE_MODULES = YES;
				CLANG_ENABLE_OBJC_ARC = YES;
				CLANG_WARN_BLOCK_CAPTURE_AUTORELEASING = YES;
				CLANG_WARN_BOOL_CONVERSION = YES;
				CLANG_WARN_COMMA = YES;
				CLANG_WARN_CONSTANT_CONVERSION = YES;
				CLANG_WARN_DIRECT_OBJC_ISA_USAGE = YES_ERROR;
				CLANG_WARN_DOCUMENTATION_COMMENTS = YES;
				CLANG_WARN_EMPTY_BODY = YES;
				CLANG_WARN_ENUM_CONVERSION = YES;
				CLANG_WARN_INFINITE_RECURSION = YES;
				CLANG_WARN_INT_CONVERSION = YES;
				CLANG_WARN_NON_LITERAL_NULL_CONVERSION = YES;
				CLANG_WARN_OBJC_LITERAL_CONVERSION = YES;
				CLANG_WARN_OBJC_ROOT_CLASS = YES_ERROR;
				CLANG_WARN_RANGE_LOOP_ANALYSIS = YES;
				CLANG_WARN_STRICT_PROTOTYPES = YES;
				CLANG_WARN_SUSPICIOUS_MOVE = YES;
				CLANG_WARN_UNGUARDED_AVAILABILITY = YES_AGGRESSIVE;
				CLANG_WARN_UNREACHABLE_CODE = YES;
				CLANG_WARN__DUPLICATE_METHOD_MATCH = YES;
				CODE_SIGN_IDENTITY = "iPhone Developer";
				COPY_PHASE_STRIP = NO;
				DEBUG_INFORMATION_FORMAT = "dwarf-with-dsym";
				ENABLE_NS_ASSERTIONS = NO;
				ENABLE_STRICT_OBJC_MSGSEND = YES;
				GCC_C_LANGUAGE_STANDARD = gnu11;
				GCC_NO_COMMON_BLOCKS = YES;
				GCC_WARN_64_TO_32_BIT_CONVERSION = YES;
				GCC_WARN_ABOUT_RETURN_TYPE = YES_ERROR;
				GCC_WARN_UNDECLARED_SELECTOR = YES;
				GCC_WARN_UNINITIALIZED_AUTOS = YES_AGGRESSIVE;
				GCC_WARN_UNUSED_FUNCTION = YES;
				GCC_WARN_UNUSED_VARIABLE = YES;
				IPHONEOS_DEPLOYMENT_TARGET = 11.2;
				MTL_ENABLE_DEBUG_INFO = NO;
				SDKROOT = iphoneos;
				SWIFT_OPTIMIZATION_LEVEL = "-Owholemodule";
				VALIDATE_PRODUCT = YES;
			};
			name = Release;
		};
		FC946E221FF8F66F00D6616B /* Debug */ = {
			isa = XCBuildConfiguration;
			baseConfigurationReference = 983E81E8A0FC6D9B7E7EEBED /* Pods-VPLATE.debug.xcconfig */;
			buildSettings = {
				ASSETCATALOG_COMPILER_APPICON_NAME = AppIcon;
				CODE_SIGN_STYLE = Automatic;
				DEVELOPMENT_TEAM = EPWV8KDDJE;
				INFOPLIST_FILE = VPLATE/Info.plist;
				IPHONEOS_DEPLOYMENT_TARGET = 9.0;
				LD_RUNPATH_SEARCH_PATHS = "$(inherited) @executable_path/Frameworks";
				PRODUCT_BUNDLE_IDENTIFIER = SOPT.VPLATE;
				PRODUCT_NAME = "$(TARGET_NAME)";
				SWIFT_VERSION = 4.0;
				TARGETED_DEVICE_FAMILY = "1,2";
			};
			name = Debug;
		};
		FC946E231FF8F66F00D6616B /* Release */ = {
			isa = XCBuildConfiguration;
			baseConfigurationReference = 87AD9349226C10FB6B787E93 /* Pods-VPLATE.release.xcconfig */;
			buildSettings = {
				ASSETCATALOG_COMPILER_APPICON_NAME = AppIcon;
				CODE_SIGN_STYLE = Automatic;
				DEVELOPMENT_TEAM = EPWV8KDDJE;
				INFOPLIST_FILE = VPLATE/Info.plist;
				IPHONEOS_DEPLOYMENT_TARGET = 9.0;
				LD_RUNPATH_SEARCH_PATHS = "$(inherited) @executable_path/Frameworks";
				PRODUCT_BUNDLE_IDENTIFIER = SOPT.VPLATE;
				PRODUCT_NAME = "$(TARGET_NAME)";
				SWIFT_VERSION = 4.0;
				TARGETED_DEVICE_FAMILY = "1,2";
			};
			name = Release;
		};
		FC946E251FF8F66F00D6616B /* Debug */ = {
			isa = XCBuildConfiguration;
			baseConfigurationReference = 7BDA60E779A65500EA851A5E /* Pods-VPLATETests.debug.xcconfig */;
			buildSettings = {
				ALWAYS_EMBED_SWIFT_STANDARD_LIBRARIES = YES;
				BUNDLE_LOADER = "$(TEST_HOST)";
				CODE_SIGN_STYLE = Automatic;
				DEVELOPMENT_TEAM = EPWV8KDDJE;
				INFOPLIST_FILE = VPLATETests/Info.plist;
				LD_RUNPATH_SEARCH_PATHS = "$(inherited) @executable_path/Frameworks @loader_path/Frameworks";
				PRODUCT_BUNDLE_IDENTIFIER = SOPT.VPLATETests;
				PRODUCT_NAME = "$(TARGET_NAME)";
				SWIFT_VERSION = 4.0;
				TARGETED_DEVICE_FAMILY = "1,2";
				TEST_HOST = "$(BUILT_PRODUCTS_DIR)/VPLATE.app/VPLATE";
			};
			name = Debug;
		};
		FC946E261FF8F66F00D6616B /* Release */ = {
			isa = XCBuildConfiguration;
			baseConfigurationReference = 1BD8E7F4243E00CE94EB03A1 /* Pods-VPLATETests.release.xcconfig */;
			buildSettings = {
				ALWAYS_EMBED_SWIFT_STANDARD_LIBRARIES = YES;
				BUNDLE_LOADER = "$(TEST_HOST)";
				CODE_SIGN_STYLE = Automatic;
				DEVELOPMENT_TEAM = EPWV8KDDJE;
				INFOPLIST_FILE = VPLATETests/Info.plist;
				LD_RUNPATH_SEARCH_PATHS = "$(inherited) @executable_path/Frameworks @loader_path/Frameworks";
				PRODUCT_BUNDLE_IDENTIFIER = SOPT.VPLATETests;
				PRODUCT_NAME = "$(TARGET_NAME)";
				SWIFT_VERSION = 4.0;
				TARGETED_DEVICE_FAMILY = "1,2";
				TEST_HOST = "$(BUILT_PRODUCTS_DIR)/VPLATE.app/VPLATE";
			};
			name = Release;
		};
		FC946E281FF8F66F00D6616B /* Debug */ = {
			isa = XCBuildConfiguration;
			baseConfigurationReference = 68E88274EDB476C7A3993E83 /* Pods-VPLATEUITests.debug.xcconfig */;
			buildSettings = {
				ALWAYS_EMBED_SWIFT_STANDARD_LIBRARIES = YES;
				CODE_SIGN_STYLE = Automatic;
				DEVELOPMENT_TEAM = EPWV8KDDJE;
				INFOPLIST_FILE = VPLATEUITests/Info.plist;
				LD_RUNPATH_SEARCH_PATHS = "$(inherited) @executable_path/Frameworks @loader_path/Frameworks";
				PRODUCT_BUNDLE_IDENTIFIER = SOPT.VPLATEUITests;
				PRODUCT_NAME = "$(TARGET_NAME)";
				SWIFT_VERSION = 4.0;
				TARGETED_DEVICE_FAMILY = "1,2";
				TEST_TARGET_NAME = VPLATE;
			};
			name = Debug;
		};
		FC946E291FF8F66F00D6616B /* Release */ = {
			isa = XCBuildConfiguration;
			baseConfigurationReference = 4F79CEC69170234E1698C95F /* Pods-VPLATEUITests.release.xcconfig */;
			buildSettings = {
				ALWAYS_EMBED_SWIFT_STANDARD_LIBRARIES = YES;
				CODE_SIGN_STYLE = Automatic;
				DEVELOPMENT_TEAM = EPWV8KDDJE;
				INFOPLIST_FILE = VPLATEUITests/Info.plist;
				LD_RUNPATH_SEARCH_PATHS = "$(inherited) @executable_path/Frameworks @loader_path/Frameworks";
				PRODUCT_BUNDLE_IDENTIFIER = SOPT.VPLATEUITests;
				PRODUCT_NAME = "$(TARGET_NAME)";
				SWIFT_VERSION = 4.0;
				TARGETED_DEVICE_FAMILY = "1,2";
				TEST_TARGET_NAME = VPLATE;
			};
			name = Release;
		};
/* End XCBuildConfiguration section */

/* Begin XCConfigurationList section */
		FC946DF41FF8F66F00D6616B /* Build configuration list for PBXProject "VPLATE" */ = {
			isa = XCConfigurationList;
			buildConfigurations = (
				FC946E1F1FF8F66F00D6616B /* Debug */,
				FC946E201FF8F66F00D6616B /* Release */,
			);
			defaultConfigurationIsVisible = 0;
			defaultConfigurationName = Release;
		};
		FC946E211FF8F66F00D6616B /* Build configuration list for PBXNativeTarget "VPLATE" */ = {
			isa = XCConfigurationList;
			buildConfigurations = (
				FC946E221FF8F66F00D6616B /* Debug */,
				FC946E231FF8F66F00D6616B /* Release */,
			);
			defaultConfigurationIsVisible = 0;
			defaultConfigurationName = Release;
		};
		FC946E241FF8F66F00D6616B /* Build configuration list for PBXNativeTarget "VPLATETests" */ = {
			isa = XCConfigurationList;
			buildConfigurations = (
				FC946E251FF8F66F00D6616B /* Debug */,
				FC946E261FF8F66F00D6616B /* Release */,
			);
			defaultConfigurationIsVisible = 0;
			defaultConfigurationName = Release;
		};
		FC946E271FF8F66F00D6616B /* Build configuration list for PBXNativeTarget "VPLATEUITests" */ = {
			isa = XCConfigurationList;
			buildConfigurations = (
				FC946E281FF8F66F00D6616B /* Debug */,
				FC946E291FF8F66F00D6616B /* Release */,
			);
			defaultConfigurationIsVisible = 0;
			defaultConfigurationName = Release;
		};
/* End XCConfigurationList section */
	};
	rootObject = FC946DF11FF8F66F00D6616B /* Project object */;
}
